
Microsoft Visual Studio Solution File, Format Version 12.00
# Visual Studio Version 16
VisualStudioVersion = 16.0.30406.217
MinimumVisualStudioVersion = 10.0.40219.1
Project("{8BC9CEB8-8B4A-11D0-8D11-00A0C91BC942}") = "ProFun Week10", "ProFun Week10\ProFun Week10.vcxproj", "{6E22F05D-14AC-4EEB-AD71-BAD2341BB69A}"
EndProject
Global
	GlobalSection(SolutionConfigurationPlatforms) = preSolution
		Debug|x64 = Debug|x64
		Debug|x86 = Debug|x86
		Release|x64 = Release|x64
		Release|x86 = Release|x86
	EndGlobalSection
	GlobalSection(ProjectConfigurationPlatforms) = postSolution
		{6E22F05D-14AC-4EEB-AD71-BAD2341BB69A}.Debug|x64.ActiveCfg = Debug|x64
		{6E22F05D-14AC-4EEB-AD71-BAD2341BB69A}.Debug|x64.Build.0 = Debug|x64
		{6E22F05D-14AC-4EEB-AD71-BAD2341BB69A}.Debug|x86.ActiveCfg = Debug|Win32
		{6E22F05D-14AC-4EEB-AD71-BAD2341BB69A}.Debug|x86.Build.0 = Debug|Win32
		{6E22F05D-14AC-4EEB-AD71-BAD2341BB69A}.Release|x64.ActiveCfg = Release|x64
		{6E22F05D-14AC-4EEB-AD71-BAD2341BB69A}.Release|x64.Build.0 = Release|x64
		{6E22F05D-14AC-4EEB-AD71-BAD2341BB69A}.Release|x86.ActiveCfg = Release|Win32
		{6E22F05D-14AC-4EEB-AD71-BAD2341BB69A}.Release|x86.Build.0 = Release|Win32
	EndGlobalSection
	GlobalSection(SolutionProperties) = preSolution
		HideSolutionNode = FALSE
	EndGlobalSection
	GlobalSection(ExtensibilityGlobals) = postSolution
		SolutionGuid = {AF5A1A20-F301-4653-92AC-DAFD6C8F4A71}
	EndGlobalSection
EndGlobal
